
Microsoft Visual Studio Solution File, Format Version 12.00
# Visual Studio 2012
Project("{F184B08F-C81C-45F6-A57F-5ABD9991F28F}") = "Apptest", "Apptest\Apptest.vbproj", "{79BE5104-B7C1-4613-9D4B-874F3D6D6947}"
EndProject
Global
	GlobalSection(SolutionConfigurationPlatforms) = preSolution
		Debug|Any CPU = Debug|Any CPU
		Release|Any CPU = Release|Any CPU
	EndGlobalSection
	GlobalSection(ProjectConfigurationPlatforms) = postSolution
		{79BE5104-B7C1-4613-9D4B-874F3D6D6947}.Debug|Any CPU.ActiveCfg = Debug|Any CPU
		{79BE5104-B7C1-4613-9D4B-874F3D6D6947}.Debug|Any CPU.Build.0 = Debug|Any CPU
		{79BE5104-B7C1-4613-9D4B-874F3D6D6947}.Release|Any CPU.ActiveCfg = Release|Any CPU
		{79BE5104-B7C1-4613-9D4B-874F3D6D6947}.Release|Any CPU.Build.0 = Release|Any CPU
	EndGlobalSection
	GlobalSection(SolutionProperties) = preSolution
		HideSolutionNode = FALSE
	EndGlobalSection
EndGlobal
